
Microsoft Visual Studio Solution File, Format Version 12.00
# Visual Studio Version 17
VisualStudioVersion = 17.3.32819.101
MinimumVisualStudioVersion = 10.0.40219.1
Project("{FAE04EC0-301F-11D3-BF4B-00C04F79EFBC}") = "Web_Vize_Proje", "Web_Vize_Proje\Web_Vize_Proje.csproj", "{2074A276-511A-40B2-83C0-4D01E326B447}"
EndProject
Global
	GlobalSection(SolutionConfigurationPlatforms) = preSolution
		Debug|Any CPU = Debug|Any CPU
		Release|Any CPU = Release|Any CPU
	EndGlobalSection
	GlobalSection(ProjectConfigurationPlatforms) = postSolution
		{2074A276-511A-40B2-83C0-4D01E326B447}.Debug|Any CPU.ActiveCfg = Debug|Any CPU
		{2074A276-511A-40B2-83C0-4D01E326B447}.Debug|Any CPU.Build.0 = Debug|Any CPU
		{2074A276-511A-40B2-83C0-4D01E326B447}.Release|Any CPU.ActiveCfg = Release|Any CPU
		{2074A276-511A-40B2-83C0-4D01E326B447}.Release|Any CPU.Build.0 = Release|Any CPU
	EndGlobalSection
	GlobalSection(SolutionProperties) = preSolution
		HideSolutionNode = FALSE
	EndGlobalSection
	GlobalSection(ExtensibilityGlobals) = postSolution
		SolutionGuid = {F283D925-7D46-4044-AB83-061D8F09F22E}
	EndGlobalSection
EndGlobal
